
Microsoft Visual Studio Solution File, Format Version 12.00
# Visual Studio Version 17
VisualStudioVersion = 17.4.33205.214
MinimumVisualStudioVersion = 10.0.40219.1
Project("{9A19103F-16F7-4668-BE54-9A1E7A4F7556}") = "FplHelperApi", "FplHelperApi\FplHelperApi.csproj", "{B924C188-E58E-4A1E-8BC1-1FCBD77FDFB4}"
EndProject
Project("{9A19103F-16F7-4668-BE54-9A1E7A4F7556}") = "FplHelperApi.Models", "FplHelperApi.Models\FplHelperApi.Models.csproj", "{B2E8F02B-9A7C-46B4-B117-2BC1453BEAF4}"
EndProject
Project("{9A19103F-16F7-4668-BE54-9A1E7A4F7556}") = "FplHelperApi.FplServerHelper", "FplHelperApi.FplServerHelper\FplHelperApi.FplServerHelper.csproj", "{79F571C2-59A8-41EF-BF81-EE5E33309706}"
EndProject
Global
	GlobalSection(SolutionConfigurationPlatforms) = preSolution
		Debug|Any CPU = Debug|Any CPU
		Release|Any CPU = Release|Any CPU
	EndGlobalSection
	GlobalSection(ProjectConfigurationPlatforms) = postSolution
		{B924C188-E58E-4A1E-8BC1-1FCBD77FDFB4}.Debug|Any CPU.ActiveCfg = Debug|Any CPU
		{B924C188-E58E-4A1E-8BC1-1FCBD77FDFB4}.Debug|Any CPU.Build.0 = Debug|Any CPU
		{B924C188-E58E-4A1E-8BC1-1FCBD77FDFB4}.Release|Any CPU.ActiveCfg = Release|Any CPU
		{B924C188-E58E-4A1E-8BC1-1FCBD77FDFB4}.Release|Any CPU.Build.0 = Release|Any CPU
		{B2E8F02B-9A7C-46B4-B117-2BC1453BEAF4}.Debug|Any CPU.ActiveCfg = Debug|Any CPU
		{B2E8F02B-9A7C-46B4-B117-2BC1453BEAF4}.Debug|Any CPU.Build.0 = Debug|Any CPU
		{B2E8F02B-9A7C-46B4-B117-2BC1453BEAF4}.Release|Any CPU.ActiveCfg = Release|Any CPU
		{B2E8F02B-9A7C-46B4-B117-2BC1453BEAF4}.Release|Any CPU.Build.0 = Release|Any CPU
		{79F571C2-59A8-41EF-BF81-EE5E33309706}.Debug|Any CPU.ActiveCfg = Debug|Any CPU
		{79F571C2-59A8-41EF-BF81-EE5E33309706}.Debug|Any CPU.Build.0 = Debug|Any CPU
		{79F571C2-59A8-41EF-BF81-EE5E33309706}.Release|Any CPU.ActiveCfg = Release|Any CPU
		{79F571C2-59A8-41EF-BF81-EE5E33309706}.Release|Any CPU.Build.0 = Release|Any CPU
	EndGlobalSection
	GlobalSection(SolutionProperties) = preSolution
		HideSolutionNode = FALSE
	EndGlobalSection
	GlobalSection(ExtensibilityGlobals) = postSolution
		SolutionGuid = {42ABB1ED-50A6-4F31-B4A8-F9D834E39F57}
	EndGlobalSection
EndGlobal
